Microsoft Visual Studio Solution File, Format Version 12.00
# Visual Studio Version 17
VisualStudioVersion = 17.0.31611.283
MinimumVisualStudioVersion = 10.0.40219.1
Project("{9A19103F-16F7-4668-BE54-9A1E7A4F7556}") = "Root", "Root\Root.csproj", "{977011A9-F599-41E3-98DE-24D366299DD7}"
EndProject
Project("{9A19103F-16F7-4668-BE54-9A1E7A4F7556}") = "TimeUntilMAUI", "TimeUntilMAUI\TimeUntilMAUI.csproj", "{0030F7C7-12BF-4A97-9959-6E725298401E}"
EndProject
Project("{9A19103F-16F7-4668-BE54-9A1E7A4F7556}") = "TimeUntilWeb.Client", "TimeUntilWeb.Client\TimeUntilWeb.Client.csproj", "{5AAB3861-6EA9-4B72-A84F-15DFD1F04AC4}"
EndProject
Project("{9A19103F-16F7-4668-BE54-9A1E7A4F7556}") = "TimeUntilWeb", "TimeUntilWeb\TimeUntilWeb.csproj", "{A48707F1-3C70-474F-9C59-46D583A9F86C}"
EndProject
Project("{9A19103F-16F7-4668-BE54-9A1E7A4F7556}") = "TimeUntilWPF", "TimeUntilWPF\TimeUntilWPF.csproj", "{B4B453BD-26A0-49AC-9C27-3B12169D5461}"
EndProject
Global
	GlobalSection(SolutionConfigurationPlatforms) = preSolution
		Debug|Any CPU = Debug|Any CPU
		Release|Any CPU = Release|Any CPU
	EndGlobalSection
	GlobalSection(ProjectConfigurationPlatforms) = postSolution
		{977011A9-F599-41E3-98DE-24D366299DD7}.Debug|Any CPU.ActiveCfg = Debug|Any CPU
		{977011A9-F599-41E3-98DE-24D366299DD7}.Debug|Any CPU.Build.0 = Debug|Any CPU
		{977011A9-F599-41E3-98DE-24D366299DD7}.Release|Any CPU.ActiveCfg = Release|Any CPU
		{977011A9-F599-41E3-98DE-24D366299DD7}.Release|Any CPU.Build.0 = Release|Any CPU
		{0030F7C7-12BF-4A97-9959-6E725298401E}.Debug|Any CPU.ActiveCfg = Debug|Any CPU
		{0030F7C7-12BF-4A97-9959-6E725298401E}.Debug|Any CPU.Build.0 = Debug|Any CPU
		{0030F7C7-12BF-4A97-9959-6E725298401E}.Debug|Any CPU.Deploy.0 = Debug|Any CPU
		{0030F7C7-12BF-4A97-9959-6E725298401E}.Release|Any CPU.ActiveCfg = Release|Any CPU
		{0030F7C7-12BF-4A97-9959-6E725298401E}.Release|Any CPU.Build.0 = Release|Any CPU
		{0030F7C7-12BF-4A97-9959-6E725298401E}.Release|Any CPU.Deploy.0 = Release|Any CPU
		{5AAB3861-6EA9-4B72-A84F-15DFD1F04AC4}.Debug|Any CPU.ActiveCfg = Debug|Any CPU
		{5AAB3861-6EA9-4B72-A84F-15DFD1F04AC4}.Debug|Any CPU.Build.0 = Debug|Any CPU
		{5AAB3861-6EA9-4B72-A84F-15DFD1F04AC4}.Release|Any CPU.ActiveCfg = Release|Any CPU
		{5AAB3861-6EA9-4B72-A84F-15DFD1F04AC4}.Release|Any CPU.Build.0 = Release|Any CPU
		{A48707F1-3C70-474F-9C59-46D583A9F86C}.Debug|Any CPU.ActiveCfg = Debug|Any CPU
		{A48707F1-3C70-474F-9C59-46D583A9F86C}.Debug|Any CPU.Build.0 = Debug|Any CPU
		{A48707F1-3C70-474F-9C59-46D583A9F86C}.Release|Any CPU.ActiveCfg = Release|Any CPU
		{A48707F1-3C70-474F-9C59-46D583A9F86C}.Release|Any CPU.Build.0 = Release|Any CPU
		{B4B453BD-26A0-49AC-9C27-3B12169D5461}.Debug|Any CPU.ActiveCfg = Debug|Any CPU
		{B4B453BD-26A0-49AC-9C27-3B12169D5461}.Debug|Any CPU.Build.0 = Debug|Any CPU
		{B4B453BD-26A0-49AC-9C27-3B12169D5461}.Release|Any CPU.ActiveCfg = Release|Any CPU
		{B4B453BD-26A0-49AC-9C27-3B12169D5461}.Release|Any CPU.Build.0 = Release|Any CPU
	EndGlobalSection
	GlobalSection(SolutionProperties) = preSolution
		HideSolutionNode = FALSE
	EndGlobalSection
	GlobalSection(ExtensibilityGlobals) = postSolution
		        SolutionGuid = {61F7FB11-1E47-470C-91E2-47F8143E1572}
		SolutionGuid = {316E04C3-8F95-4573-B6C5-E6A6985B81E2}
	EndGlobalSection
EndGlobal
